{
  "version": 4,
  "terraform_version": "1.13.3",
  "serial": 6,
  "lineage": "24cc8da9-1823-b337-cf17-464988ba6aaf",
  "outputs": {
    "droplet_ip_address": {
      "value": "64.227.118.117",
      "type": "string"
    }
  },
  "resources": [
    {
      "mode": "managed",
      "type": "digitalocean_droplet",
      "name": "web",
      "provider": "provider[\"registry.terraform.io/digitalocean/digitalocean\"]",
      "instances": [
        {
          "schema_version": 1,
          "attributes": {
            "backup_policy": [],
            "backups": false,
            "created_at": "2025-10-01T23:06:18Z",
            "disk": 25,
            "droplet_agent": null,
            "graceful_shutdown": false,
            "id": "522030626",
            "image": "docker-20-04",
            "ipv4_address": "64.227.118.117",
            "ipv4_address_private": "10.114.0.2",
            "ipv6": false,
            "ipv6_address": "",
            "locked": false,
            "memory": 1024,
            "monitoring": false,
            "name": "my-devops-server",
            "price_hourly": 0.00893,
            "price_monthly": 6,
            "private_networking": true,
            "region": "fra1",
            "resize_disk": true,
            "size": "s-1vcpu-1gb",
            "ssh_keys": [
              "51126618"
            ],
            "status": "active",
            "tags": null,
            "timeouts": null,
            "urn": "do:droplet:522030626",
            "user_data": null,
            "vcpus": 1,
            "volume_ids": [],
            "vpc_uuid": "f74a4c2c-ae7a-4697-ab8f-620d0e507b36"
          },
          "sensitive_attributes": [],
          "identity_schema_version": 0,
          "private": "eyJlMmJmYjczMC1lY2FhLTExZTYtOGY4OC0zNDM2M2JjN2M0YzAiOnsiY3JlYXRlIjozNjAwMDAwMDAwMDAwLCJkZWxldGUiOjYwMDAwMDAwMDAwLCJ1cGRhdGUiOjM2MDAwMDAwMDAwMDB9LCJzY2hlbWFfdmVyc2lvbiI6IjEifQ==",
          "dependencies": [
            "digitalocean_ssh_key.default"
          ]
        }
      ]
    },
    {
      "mode": "managed",
      "type": "digitalocean_ssh_key",
      "name": "default",
      "provider": "provider[\"registry.terraform.io/digitalocean/digitalocean\"]",
      "instances": [
        {
          "schema_version": 0,
          "attributes": {
            "fingerprint": "3c:0b:6d:63:10:83:96:70:9f:a1:6f:60:c0:be:e0:fb",
            "id": "51126618",
            "name": "DevOps Project Key",
            "public_key": "ssh-rsa AAAAB3NzaC1yc2EAAAADAQABAAACAQDNPXWMhIS4Pw8TCT8RozWSaTQer6AVyAzCZpKPjdFmcgptkucoEcewmlQM68QCVTCHWEyhUTHMXQYSlW/LWEGpoGU+RsjVsAMlL+GJGPqikrvjqwY/PybiE8AGPtirii9zr36ftOtcu18NbWBxSGvhYd6ZqgLAOGmEMX+SbmIdn6jUSDWf76mrQY1gk+eKF7Mwh3i1V8chkVW8gBSMAL1gDmZzgdjbxlMfazDAPjgzphw+rLNYX0kfKxtBsFOsRusOAWb5GVctyqebYwaCJ9pNL3qhb1Dla5hbrMSYGMDTlZy9U0Tck90AT02v2SVC3Ep5L+4QrP5LlZyK+IIrX5D2rCpjtTPnCkf/0/gzajZmcopKYA38ZLaw82gK/97YQXq08vpsO9mUHcAmn9hWcJP+yvwtb1xEuWX3pmoZB6MSnRGmbjEov64Q33mXq1wV6W/wQXxGN0fwbBJK30QjzuLSA0GIhkwAJ/OW+Rb48/OZsNAPPAgvgDB+m+z7sCFLNANg9wFRdZkpB5pn5aozzZb5euvC1qA/LPlXI2DoxGWr7Z7VudMJU/OQGkHLr0R4SDUt+fdeUUL6PLi/F5NVrkUGog6HBOrbIio56g+T/auu6QKWNdqWnBkyfncbRBq3AeL8Riqd0kvNIwofWJvR2ldrCrKPkuTZyKSAaP+ngGqbIw== final-devops-key\n",
            "timeouts": null
          },
          "sensitive_attributes": [],
          "identity_schema_version": 0,
          "private": "eyJlMmJmYjczMC1lY2FhLTExZTYtOGY4OC0zNDM2M2JjN2M0YzAiOnsiY3JlYXRlIjoxMjAwMDAwMDAwMDB9fQ=="
        }
      ]
    }
  ],
  "check_results": null
}
